// !$*UTF8*$!
{
	archiveVersion = 1;
	classes = {
	};
	objectVersion = 46;
	objects = {

/* Begin PBXBuildFile section */
		A749250B1D1342A600DD7797 /* IO.swift in Sources */ = {isa = PBXBuildFile; fileRef = A749250A1D1342A600DD7797 /* IO.swift */; };
		A749250F1D13472500DD7797 /* Int+Rng.swift in Sources */ = {isa = PBXBuildFile; fileRef = A749250E1D13472500DD7797 /* Int+Rng.swift */; };
		A74925111D14369D00DD7797 /* main.swift in Sources */ = {isa = PBXBuildFile; fileRef = A74925101D14369D00DD7797 /* main.swift */; };
		A74925131D1436A600DD7797 /* Die.swift in Sources */ = {isa = PBXBuildFile; fileRef = A74925121D1436A600DD7797 /* Die.swift */; };
/* End PBXBuildFile section */

/* Begin PBXCopyFilesBuildPhase section */
		A7FCADD41D1340460007F8EE /* CopyFiles */ = {
			isa = PBXCopyFilesBuildPhase;
			buildActionMask = 2147483647;
			dstPath = /usr/share/man/man1/;
			dstSubfolderSpec = 0;
			files = (
			);
			runOnlyForDeploymentPostprocessing = 1;
		};
/* End PBXCopyFilesBuildPhase section */

/* Begin PBXFileReference section */
		A749250A1D1342A600DD7797 /* IO.swift */ = {isa = PBXFileReference; fileEncoding = 4; lastKnownFileType = sourcecode.swift; path = IO.swift; sourceTree = "<group>"; };
		A749250E1D13472500DD7797 /* Int+Rng.swift */ = {isa = PBXFileReference; fileEncoding = 4; lastKnownFileType = sourcecode.swift; path = "Int+Rng.swift"; sourceTree = "<group>"; };
		A74925101D14369D00DD7797 /* main.swift */ = {isa = PBXFileReference; fileEncoding = 4; lastKnownFileType = sourcecode.swift; path = main.swift; sourceTree = "<group>"; };
		A74925121D1436A600DD7797 /* Die.swift */ = {isa = PBXFileReference; fileEncoding = 4; lastKnownFileType = sourcecode.swift; path = Die.swift; sourceTree = "<group>"; };
		A74925141D1436D300DD7797 /* README.md */ = {isa = PBXFileReference; fileEncoding = 4; lastKnownFileType = net.daringfireball.markdown; path = README.md; sourceTree = "<group>"; };
		A7FCADD61D1340460007F8EE /* roll */ = {isa = PBXFileReference; explicitFileType = "compiled.mach-o.executable"; includeInIndex = 0; path = roll; sourceTree = BUILT_PRODUCTS_DIR; };
/* End PBXFileReference section */

/* Begin PBXFrameworksBuildPhase section */
		A7FCADD31D1340460007F8EE /* Frameworks */ = {
			isa = PBXFrameworksBuildPhase;
			buildActionMask = 2147483647;
			files = (
			);
			runOnlyForDeploymentPostprocessing = 0;
		};
/* End PBXFrameworksBuildPhase section */

/* Begin PBXGroup section */
		A7FCADCD1D1340460007F8EE = {
			isa = PBXGroup;
			children = (
				A74925141D1436D300DD7797 /* README.md */,
				A7FCADD81D1340460007F8EE /* roll */,
				A7FCADD71D1340460007F8EE /* Products */,
			);
			sourceTree = "<group>";
		};
		A7FCADD71D1340460007F8EE /* Products */ = {
			isa = PBXGroup;
			children = (
				A7FCADD61D1340460007F8EE /* roll */,
			);
			name = Products;
			sourceTree = "<group>";
		};
		A7FCADD81D1340460007F8EE /* roll */ = {
			isa = PBXGroup;
			children = (
				A74925121D1436A600DD7797 /* Die.swift */,
				A74925101D14369D00DD7797 /* main.swift */,
				A749250A1D1342A600DD7797 /* IO.swift */,
				A749250E1D13472500DD7797 /* Int+Rng.swift */,
			);
			path = roll;
			sourceTree = "<group>";
		};
/* End PBXGroup section */

/* Begin PBXNativeTarget section */
		A7FCADD51D1340460007F8EE /* roll */ = {
			isa = PBXNativeTarget;
			buildConfigurationList = A7FCADDD1D1340460007F8EE /* Build configuration list for PBXNativeTarget "roll" */;
			buildPhases = (
				A7FCADD21D1340460007F8EE /* Sources */,
				A7FCADD31D1340460007F8EE /* Frameworks */,
				A7FCADD41D1340460007F8EE /* CopyFiles */,
			);
			buildRules = (
			);
			dependencies = (
			);
			name = roll;
			productName = roll;
			productReference = A7FCADD61D1340460007F8EE /* roll */;
			productType = "com.apple.product-type.tool";
		};
/* End PBXNativeTarget section */

/* Begin PBXProject section */
		A7FCADCE1D1340460007F8EE /* Project object */ = {
			isa = PBXProject;
			attributes = {
				LastSwiftUpdateCheck = 0730;
				LastUpgradeCheck = 0800;
				ORGANIZATIONNAME = mc7h;
				TargetAttributes = {
					A7FCADD51D1340460007F8EE = {
						CreatedOnToolsVersion = 7.3.1;
						LastSwiftMigration = 0800;
					};
				};
			};
			buildConfigurationList = A7FCADD11D1340460007F8EE /* Build configuration list for PBXProject "roll" */;
			compatibilityVersion = "Xcode 3.2";
			developmentRegion = English;
			hasScannedForEncodings = 0;
			knownRegions = (
				en,
			);
			mainGroup = A7FCADCD1D1340460007F8EE;
			productRefGroup = A7FCADD71D1340460007F8EE /* Products */;
			projectDirPath = "";
			projectRoot = "";
			targets = (
				A7FCADD51D1340460007F8EE /* roll */,
			);
		};
/* End PBXProject section */

/* Begin PBXSourcesBuildPhase section */
		A7FCADD21D1340460007F8EE /* Sources */ = {
			isa = PBXSourcesBuildPhase;
			buildActionMask = 2147483647;
			files = (
				A749250B1D1342A600DD7797 /* IO.swift in Sources */,
				A74925111D14369D00DD7797 /* main.swift in Sources */,
				A74925131D1436A600DD7797 /* Die.swift in Sources */,
				A749250F1D13472500DD7797 /* Int+Rng.swift in Sources */,
			);
			runOnlyForDeploymentPostprocessing = 0;
		};
/* End PBXSourcesBuildPhase section */

/* Begin XCBuildConfiguration section */
		A7FCADDB1D1340460007F8EE /* Debug */ = {
			isa = XCBuildConfiguration;
			buildSettings = {
				ALWAYS_SEARCH_USER_PATHS = NO;
				CLANG_ANALYZER_NONNULL = YES;
				CLANG_CXX_LANGUAGE_STANDARD = "gnu++0x";
				CLANG_CXX_LIBRARY = "libc++";
				CLANG_ENABLE_MODULES = YES;
				CLANG_ENABLE_OBJC_ARC = YES;
				CLANG_WARN_BOOL_CONVERSION = YES;
				CLANG_WARN_CONSTANT_CONVERSION = YES;
				CLANG_WARN_DIRECT_OBJC_ISA_USAGE = YES_ERROR;
				CLANG_WARN_EMPTY_BODY = YES;
				CLANG_WARN_ENUM_CONVERSION = YES;
				CLANG_WARN_INFINITE_RECURSION = YES;
				CLANG_WARN_INT_CONVERSION = YES;
				CLANG_WARN_OBJC_ROOT_CLASS = YES_ERROR;
				CLANG_WARN_SUSPICIOUS_MOVE = YES;
				CLANG_WARN_UNREACHABLE_CODE = YES;
				CLANG_WARN__DUPLICATE_METHOD_MATCH = YES;
				CODE_SIGN_IDENTITY = "-";
				COPY_PHASE_STRIP = NO;
				DEBUG_INFORMATION_FORMAT = dwarf;
				ENABLE_STRICT_OBJC_MSGSEND = YES;
				ENABLE_TESTABILITY = YES;
				GCC_C_LANGUAGE_STANDARD = gnu99;
				GCC_DYNAMIC_NO_PIC = NO;
				GCC_NO_COMMON_BLOCKS = YES;
				GCC_OPTIMIZATION_LEVEL = 0;
				GCC_PREPROCESSOR_DEFINITIONS = (
					"DEBUG=1",
					"$(inherited)",
				);
				GCC_WARN_64_TO_32_BIT_CONVERSION = YES;
				GCC_WARN_ABOUT_RETURN_TYPE = YES_ERROR;
				GCC_WARN_UNDECLARED_SELECTOR = YES;
				GCC_WARN_UNINITIALIZED_AUTOS = YES_AGGRESSIVE;
				GCC_WARN_UNUSED_FUNCTION = YES;
				GCC_WARN_UNUSED_VARIABLE = YES;
				MACOSX_DEPLOYMENT_TARGET = 10.11;
				MTL_ENABLE_DEBUG_INFO = YES;
				ONLY_ACTIVE_ARCH = YES;
				SDKROOT = macosx;
				SWIFT_OPTIMIZATION_LEVEL = "-Onone";
			};
			name = Debug;
		};
		A7FCADDC1D1340460007F8EE /* Release */ = {
			isa = XCBuildConfiguration;
			buildSettings = {
				ALWAYS_SEARCH_USER_PATHS = NO;
				CLANG_ANALYZER_NONNULL = YES;
				CLANG_CXX_LANGUAGE_STANDARD = "gnu++0x";
				CLANG_CXX_LIBRARY = "libc++";
				CLANG_ENABLE_MODULES = YES;
				CLANG_ENABLE_OBJC_ARC = YES;
				CLANG_WARN_BOOL_CONVERSION = YES;
				CLANG_WARN_CONSTANT_CONVERSION = YES;
				CLANG_WARN_DIRECT_OBJC_ISA_USAGE = YES_ERROR;
				CLANG_WARN_EMPTY_BODY = YES;
				CLANG_WARN_ENUM_CONVERSION = YES;
				CLANG_WARN_INFINITE_RECURSION = YES;
				CLANG_WARN_INT_CONVERSION = YES;
				CLANG_WARN_OBJC_ROOT_CLASS = YES_ERROR;
				CLANG_WARN_SUSPICIOUS_MOVE = YES;
				CLANG_WARN_UNREACHABLE_CODE = YES;
				CLANG_WARN__DUPLICATE_METHOD_MATCH = YES;
				CODE_SIGN_IDENTITY = "-";
				COPY_PHASE_STRIP = NO;
				DEBUG_INFORMATION_FORMAT = "dwarf-with-dsym";
				ENABLE_NS_ASSERTIONS = NO;
				ENABLE_STRICT_OBJC_MSGSEND = YES;
				GCC_C_LANGUAGE_STANDARD = gnu99;
				GCC_NO_COMMON_BLOCKS = YES;
				GCC_WARN_64_TO_32_BIT_CONVERSION = YES;
				GCC_WARN_ABOUT_RETURN_TYPE = YES_ERROR;
				GCC_WARN_UNDECLARED_SELECTOR = YES;
				GCC_WARN_UNINITIALIZED_AUTOS = YES_AGGRESSIVE;
				GCC_WARN_UNUSED_FUNCTION = YES;
				GCC_WARN_UNUSED_VARIABLE = YES;
				MACOSX_DEPLOYMENT_TARGET = 10.11;
				MTL_ENABLE_DEBUG_INFO = NO;
				SDKROOT = macosx;
			};
			name = Release;
		};
		A7FCADDE1D1340460007F8EE /* Debug */ = {
			isa = XCBuildConfiguration;
			buildSettings = {
				PRODUCT_NAME = "$(TARGET_NAME)";
				SWIFT_VERSION = 3.0;
			};
			name = Debug;
		};
		A7FCADDF1D1340460007F8EE /* Release */ = {
			isa = XCBuildConfiguration;
			buildSettings = {
				PRODUCT_NAME = "$(TARGET_NAME)";
				SWIFT_OPTIMIZATION_LEVEL = "-Owholemodule";
				SWIFT_VERSION = 3.0;
			};
			name = Release;
		};
/* End XCBuildConfiguration section */

/* Begin XCConfigurationList section */
		A7FCADD11D1340460007F8EE /* Build configuration list for PBXProject "roll" */ = {
			isa = XCConfigurationList;
			buildConfigurations = (
				A7FCADDB1D1340460007F8EE /* Debug */,
				A7FCADDC1D1340460007F8EE /* Release */,
			);
			defaultConfigurationIsVisible = 0;
			defaultConfigurationName = Release;
		};
		A7FCADDD1D1340460007F8EE /* Build configuration list for PBXNativeTarget "roll" */ = {
			isa = XCConfigurationList;
			buildConfigurations = (
				A7FCADDE1D1340460007F8EE /* Debug */,
				A7FCADDF1D1340460007F8EE /* Release */,
			);
			defaultConfigurationIsVisible = 0;
			defaultConfigurationName = Release;
		};
/* End XCConfigurationList section */
	};
	rootObject = A7FCADCE1D1340460007F8EE /* Project object */;
}
